// !$*UTF8*$!
{
	archiveVersion = 1;
	classes = {
	};
	objectVersion = 56;
	objects = {

/* Begin PBXBuildFile section */
		4AC770E12A1566B400CD7B6E /* TrelloWidgetApp.swift in Sources */ = {isa = PBXBuildFile; fileRef = 4AC770E02A1566B400CD7B6E /* TrelloWidgetApp.swift */; };
		4AC770E32A1566B400CD7B6E /* ContentView.swift in Sources */ = {isa = PBXBuildFile; fileRef = 4AC770E22A1566B400CD7B6E /* ContentView.swift */; };
		4AC770E52A1566B600CD7B6E /* Assets.xcassets in Resources */ = {isa = PBXBuildFile; fileRef = 4AC770E42A1566B600CD7B6E /* Assets.xcassets */; };
		4AC770E82A1566B600CD7B6E /* Preview Assets.xcassets in Resources */ = {isa = PBXBuildFile; fileRef = 4AC770E72A1566B600CD7B6E /* Preview Assets.xcassets */; };
		4AC770F22A1566B600CD7B6E /* TrelloWidgetTests.swift in Sources */ = {isa = PBXBuildFile; fileRef = 4AC770F12A1566B600CD7B6E /* TrelloWidgetTests.swift */; };
		4AC770FC2A1566B600CD7B6E /* TrelloWidgetUITests.swift in Sources */ = {isa = PBXBuildFile; fileRef = 4AC770FB2A1566B600CD7B6E /* TrelloWidgetUITests.swift */; };
		4AC770FE2A1566B600CD7B6E /* TrelloWidgetUITestsLaunchTests.swift in Sources */ = {isa = PBXBuildFile; fileRef = 4AC770FD2A1566B600CD7B6E /* TrelloWidgetUITestsLaunchTests.swift */; };
/* End PBXBuildFile section */

/* Begin PBXContainerItemProxy section */
		4AC770EE2A1566B600CD7B6E /* PBXContainerItemProxy */ = {
			isa = PBXContainerItemProxy;
			containerPortal = 4AC770D52A1566B400CD7B6E /* Project object */;
			proxyType = 1;
			remoteGlobalIDString = 4AC770DC2A1566B400CD7B6E;
			remoteInfo = TrelloWidget;
		};
		4AC770F82A1566B600CD7B6E /* PBXContainerItemProxy */ = {
			isa = PBXContainerItemProxy;
			containerPortal = 4AC770D52A1566B400CD7B6E /* Project object */;
			proxyType = 1;
			remoteGlobalIDString = 4AC770DC2A1566B400CD7B6E;
			remoteInfo = TrelloWidget;
		};
/* End PBXContainerItemProxy section */

/* Begin PBXFileReference section */
		4AC770DD2A1566B400CD7B6E /* TrelloWidget.app */ = {isa = PBXFileReference; explicitFileType = wrapper.application; includeInIndex = 0; path = TrelloWidget.app; sourceTree = BUILT_PRODUCTS_DIR; };
		4AC770E02A1566B400CD7B6E /* TrelloWidgetApp.swift */ = {isa = PBXFileReference; lastKnownFileType = sourcecode.swift; path = TrelloWidgetApp.swift; sourceTree = "<group>"; };
		4AC770E22A1566B400CD7B6E /* ContentView.swift */ = {isa = PBXFileReference; lastKnownFileType = sourcecode.swift; path = ContentView.swift; sourceTree = "<group>"; };
		4AC770E42A1566B600CD7B6E /* Assets.xcassets */ = {isa = PBXFileReference; lastKnownFileType = folder.assetcatalog; path = Assets.xcassets; sourceTree = "<group>"; };
		4AC770E72A1566B600CD7B6E /* Preview Assets.xcassets */ = {isa = PBXFileReference; lastKnownFileType = folder.assetcatalog; path = "Preview Assets.xcassets"; sourceTree = "<group>"; };
		4AC770ED2A1566B600CD7B6E /* TrelloWidgetTests.xctest */ = {isa = PBXFileReference; explicitFileType = wrapper.cfbundle; includeInIndex = 0; path = TrelloWidgetTests.xctest; sourceTree = BUILT_PRODUCTS_DIR; };
		4AC770F12A1566B600CD7B6E /* TrelloWidgetTests.swift */ = {isa = PBXFileReference; lastKnownFileType = sourcecode.swift; path = TrelloWidgetTests.swift; sourceTree = "<group>"; };
		4AC770F72A1566B600CD7B6E /* TrelloWidgetUITests.xctest */ = {isa = PBXFileReference; explicitFileType = wrapper.cfbundle; includeInIndex = 0; path = TrelloWidgetUITests.xctest; sourceTree = BUILT_PRODUCTS_DIR; };
		4AC770FB2A1566B600CD7B6E /* TrelloWidgetUITests.swift */ = {isa = PBXFileReference; lastKnownFileType = sourcecode.swift; path = TrelloWidgetUITests.swift; sourceTree = "<group>"; };
		4AC770FD2A1566B600CD7B6E /* TrelloWidgetUITestsLaunchTests.swift */ = {isa = PBXFileReference; lastKnownFileType = sourcecode.swift; path = TrelloWidgetUITestsLaunchTests.swift; sourceTree = "<group>"; };
/* End PBXFileReference section */

/* Begin PBXFrameworksBuildPhase section */
		4AC770DA2A1566B400CD7B6E /* Frameworks */ = {
			isa = PBXFrameworksBuildPhase;
			buildActionMask = 2147483647;
			files = (
			);
			runOnlyForDeploymentPostprocessing = 0;
		};
		4AC770EA2A1566B600CD7B6E /* Frameworks */ = {
			isa = PBXFrameworksBuildPhase;
			buildActionMask = 2147483647;
			files = (
			);
			runOnlyForDeploymentPostprocessing = 0;
		};
		4AC770F42A1566B600CD7B6E /* Frameworks */ = {
			isa = PBXFrameworksBuildPhase;
			buildActionMask = 2147483647;
			files = (
			);
			runOnlyForDeploymentPostprocessing = 0;
		};
/* End PBXFrameworksBuildPhase section */

/* Begin PBXGroup section */
		4AC770D42A1566B400CD7B6E = {
			isa = PBXGroup;
			children = (
				4AC770DF2A1566B400CD7B6E /* TrelloWidget */,
				4AC770F02A1566B600CD7B6E /* TrelloWidgetTests */,
				4AC770FA2A1566B600CD7B6E /* TrelloWidgetUITests */,
				4AC770DE2A1566B400CD7B6E /* Products */,
			);
			sourceTree = "<group>";
		};
		4AC770DE2A1566B400CD7B6E /* Products */ = {
			isa = PBXGroup;
			children = (
				4AC770DD2A1566B400CD7B6E /* TrelloWidget.app */,
				4AC770ED2A1566B600CD7B6E /* TrelloWidgetTests.xctest */,
				4AC770F72A1566B600CD7B6E /* TrelloWidgetUITests.xctest */,
			);
			name = Products;
			sourceTree = "<group>";
		};
		4AC770DF2A1566B400CD7B6E /* TrelloWidget */ = {
			isa = PBXGroup;
			children = (
				4AC770E02A1566B400CD7B6E /* TrelloWidgetApp.swift */,
				4AC770E22A1566B400CD7B6E /* ContentView.swift */,
				4AC770E42A1566B600CD7B6E /* Assets.xcassets */,
				4AC770E62A1566B600CD7B6E /* Preview Content */,
			);
			path = TrelloWidget;
			sourceTree = "<group>";
		};
		4AC770E62A1566B600CD7B6E /* Preview Content */ = {
			isa = PBXGroup;
			children = (
				4AC770E72A1566B600CD7B6E /* Preview Assets.xcassets */,
			);
			path = "Preview Content";
			sourceTree = "<group>";
		};
		4AC770F02A1566B600CD7B6E /* TrelloWidgetTests */ = {
			isa = PBXGroup;
			children = (
				4AC770F12A1566B600CD7B6E /* TrelloWidgetTests.swift */,
			);
			path = TrelloWidgetTests;
			sourceTree = "<group>";
		};
		4AC770FA2A1566B600CD7B6E /* TrelloWidgetUITests */ = {
			isa = PBXGroup;
			children = (
				4AC770FB2A1566B600CD7B6E /* TrelloWidgetUITests.swift */,
				4AC770FD2A1566B600CD7B6E /* TrelloWidgetUITestsLaunchTests.swift */,
			);
			path = TrelloWidgetUITests;
			sourceTree = "<group>";
		};
/* End PBXGroup section */

/* Begin PBXNativeTarget section */
		4AC770DC2A1566B400CD7B6E /* TrelloWidget */ = {
			isa = PBXNativeTarget;
			buildConfigurationList = 4AC771012A1566B600CD7B6E /* Build configuration list for PBXNativeTarget "TrelloWidget" */;
			buildPhases = (
				4AC770D92A1566B400CD7B6E /* Sources */,
				4AC770DA2A1566B400CD7B6E /* Frameworks */,
				4AC770DB2A1566B400CD7B6E /* Resources */,
			);
			buildRules = (
			);
			dependencies = (
			);
			name = TrelloWidget;
			productName = TrelloWidget;
			productReference = 4AC770DD2A1566B400CD7B6E /* TrelloWidget.app */;
			productType = "com.apple.product-type.application";
		};
		4AC770EC2A1566B600CD7B6E /* TrelloWidgetTests */ = {
			isa = PBXNativeTarget;
			buildConfigurationList = 4AC771042A1566B600CD7B6E /* Build configuration list for PBXNativeTarget "TrelloWidgetTests" */;
			buildPhases = (
				4AC770E92A1566B600CD7B6E /* Sources */,
				4AC770EA2A1566B600CD7B6E /* Frameworks */,
				4AC770EB2A1566B600CD7B6E /* Resources */,
			);
			buildRules = (
			);
			dependencies = (
				4AC770EF2A1566B600CD7B6E /* PBXTargetDependency */,
			);
			name = TrelloWidgetTests;
			productName = TrelloWidgetTests;
			productReference = 4AC770ED2A1566B600CD7B6E /* TrelloWidgetTests.xctest */;
			productType = "com.apple.product-type.bundle.unit-test";
		};
		4AC770F62A1566B600CD7B6E /* TrelloWidgetUITests */ = {
			isa = PBXNativeTarget;
			buildConfigurationList = 4AC771072A1566B600CD7B6E /* Build configuration list for PBXNativeTarget "TrelloWidgetUITests" */;
			buildPhases = (
				4AC770F32A1566B600CD7B6E /* Sources */,
				4AC770F42A1566B600CD7B6E /* Frameworks */,
				4AC770F52A1566B600CD7B6E /* Resources */,
			);
			buildRules = (
			);
			dependencies = (
				4AC770F92A1566B600CD7B6E /* PBXTargetDependency */,
			);
			name = TrelloWidgetUITests;
			productName = TrelloWidgetUITests;
			productReference = 4AC770F72A1566B600CD7B6E /* TrelloWidgetUITests.xctest */;
			productType = "com.apple.product-type.bundle.ui-testing";
		};
/* End PBXNativeTarget section */

/* Begin PBXProject section */
		4AC770D52A1566B400CD7B6E /* Project object */ = {
			isa = PBXProject;
			attributes = {
				BuildIndependentTargetsInParallel = 1;
				LastSwiftUpdateCheck = 1420;
				LastUpgradeCheck = 1420;
				TargetAttributes = {
					4AC770DC2A1566B400CD7B6E = {
						CreatedOnToolsVersion = 14.2;
					};
					4AC770EC2A1566B600CD7B6E = {
						CreatedOnToolsVersion = 14.2;
						TestTargetID = 4AC770DC2A1566B400CD7B6E;
					};
					4AC770F62A1566B600CD7B6E = {
						CreatedOnToolsVersion = 14.2;
						TestTargetID = 4AC770DC2A1566B400CD7B6E;
					};
				};
			};
			buildConfigurationList = 4AC770D82A1566B400CD7B6E /* Build configuration list for PBXProject "TrelloWidget" */;
			compatibilityVersion = "Xcode 14.0";
			developmentRegion = en;
			hasScannedForEncodings = 0;
			knownRegions = (
				en,
				Base,
			);
			mainGroup = 4AC770D42A1566B400CD7B6E;
			productRefGroup = 4AC770DE2A1566B400CD7B6E /* Products */;
			projectDirPath = "";
			projectRoot = "";
			targets = (
				4AC770DC2A1566B400CD7B6E /* TrelloWidget */,
				4AC770EC2A1566B600CD7B6E /* TrelloWidgetTests */,
				4AC770F62A1566B600CD7B6E /* TrelloWidgetUITests */,
			);
		};
/* End PBXProject section */

/* Begin PBXResourcesBuildPhase section */
		4AC770DB2A1566B400CD7B6E /* Resources */ = {
			isa = PBXResourcesBuildPhase;
			buildActionMask = 2147483647;
			files = (
				4AC770E82A1566B600CD7B6E /* Preview Assets.xcassets in Resources */,
				4AC770E52A1566B600CD7B6E /* Assets.xcassets in Resources */,
			);
			runOnlyForDeploymentPostprocessing = 0;
		};
		4AC770EB2A1566B600CD7B6E /* Resources */ = {
			isa = PBXResourcesBuildPhase;
			buildActionMask = 2147483647;
			files = (
			);
			runOnlyForDeploymentPostprocessing = 0;
		};
		4AC770F52A1566B600CD7B6E /* Resources */ = {
			isa = PBXResourcesBuildPhase;
			buildActionMask = 2147483647;
			files = (
			);
			runOnlyForDeploymentPostprocessing = 0;
		};
/* End PBXResourcesBuildPhase section */

/* Begin PBXSourcesBuildPhase section */
		4AC770D92A1566B400CD7B6E /* Sources */ = {
			isa = PBXSourcesBuildPhase;
			buildActionMask = 2147483647;
			files = (
				4AC770E32A1566B400CD7B6E /* ContentView.swift in Sources */,
				4AC770E12A1566B400CD7B6E /* TrelloWidgetApp.swift in Sources */,
			);
			runOnlyForDeploymentPostprocessing = 0;
		};
		4AC770E92A1566B600CD7B6E /* Sources */ = {
			isa = PBXSourcesBuildPhase;
			buildActionMask = 2147483647;
			files = (
				4AC770F22A1566B600CD7B6E /* TrelloWidgetTests.swift in Sources */,
			);
			runOnlyForDeploymentPostprocessing = 0;
		};
		4AC770F32A1566B600CD7B6E /* Sources */ = {
			isa = PBXSourcesBuildPhase;
			buildActionMask = 2147483647;
			files = (
				4AC770FE2A1566B600CD7B6E /* TrelloWidgetUITestsLaunchTests.swift in Sources */,
				4AC770FC2A1566B600CD7B6E /* TrelloWidgetUITests.swift in Sources */,
			);
			runOnlyForDeploymentPostprocessing = 0;
		};
/* End PBXSourcesBuildPhase section */

/* Begin PBXTargetDependency section */
		4AC770EF2A1566B600CD7B6E /* PBXTargetDependency */ = {
			isa = PBXTargetDependency;
			target = 4AC770DC2A1566B400CD7B6E /* TrelloWidget */;
			targetProxy = 4AC770EE2A1566B600CD7B6E /* PBXContainerItemProxy */;
		};
		4AC770F92A1566B600CD7B6E /* PBXTargetDependency */ = {
			isa = PBXTargetDependency;
			target = 4AC770DC2A1566B400CD7B6E /* TrelloWidget */;
			targetProxy = 4AC770F82A1566B600CD7B6E /* PBXContainerItemProxy */;
		};
/* End PBXTargetDependency section */

/* Begin XCBuildConfiguration section */
		4AC770FF2A1566B600CD7B6E /* Debug */ = {
			isa = XCBuildConfiguration;
			buildSettings = {
				ALWAYS_SEARCH_USER_PATHS = NO;
				CLANG_ANALYZER_NONNULL = YES;
				CLANG_ANALYZER_NUMBER_OBJECT_CONVERSION = YES_AGGRESSIVE;
				CLANG_CXX_LANGUAGE_STANDARD = "gnu++20";
				CLANG_ENABLE_MODULES = YES;
				CLANG_ENABLE_OBJC_ARC = YES;
				CLANG_ENABLE_OBJC_WEAK = YES;
				CLANG_WARN_BLOCK_CAPTURE_AUTORELEASING = YES;
				CLANG_WARN_BOOL_CONVERSION = YES;
				CLANG_WARN_COMMA = YES;
				CLANG_WARN_CONSTANT_CONVERSION = YES;
				CLANG_WARN_DEPRECATED_OBJC_IMPLEMENTATIONS = YES;
				CLANG_WARN_DIRECT_OBJC_ISA_USAGE = YES_ERROR;
				CLANG_WARN_DOCUMENTATION_COMMENTS = YES;
				CLANG_WARN_EMPTY_BODY = YES;
				CLANG_WARN_ENUM_CONVERSION = YES;
				CLANG_WARN_INFINITE_RECURSION = YES;
				CLANG_WARN_INT_CONVERSION = YES;
				CLANG_WARN_NON_LITERAL_NULL_CONVERSION = YES;
				CLANG_WARN_OBJC_IMPLICIT_RETAIN_SELF = YES;
				CLANG_WARN_OBJC_LITERAL_CONVERSION = YES;
				CLANG_WARN_OBJC_ROOT_CLASS = YES_ERROR;
				CLANG_WARN_QUOTED_INCLUDE_IN_FRAMEWORK_HEADER = YES;
				CLANG_WARN_RANGE_LOOP_ANALYSIS = YES;
				CLANG_WARN_STRICT_PROTOTYPES = YES;
				CLANG_WARN_SUSPICIOUS_MOVE = YES;
				CLANG_WARN_UNGUARDED_AVAILABILITY = YES_AGGRESSIVE;
				CLANG_WARN_UNREACHABLE_CODE = YES;
				CLANG_WARN__DUPLICATE_METHOD_MATCH = YES;
				COPY_PHASE_STRIP = NO;
				DEBUG_INFORMATION_FORMAT = dwarf;
				ENABLE_STRICT_OBJC_MSGSEND = YES;
				ENABLE_TESTABILITY = YES;
				GCC_C_LANGUAGE_STANDARD = gnu11;
				GCC_DYNAMIC_NO_PIC = NO;
				GCC_NO_COMMON_BLOCKS = YES;
				GCC_OPTIMIZATION_LEVEL = 0;
				GCC_PREPROCESSOR_DEFINITIONS = (
					"DEBUG=1",
					"$(inherited)",
				);
				GCC_WARN_64_TO_32_BIT_CONVERSION = YES;
				GCC_WARN_ABOUT_RETURN_TYPE = YES_ERROR;
				GCC_WARN_UNDECLARED_SELECTOR = YES;
				GCC_WARN_UNINITIALIZED_AUTOS = YES_AGGRESSIVE;
				GCC_WARN_UNUSED_FUNCTION = YES;
				GCC_WARN_UNUSED_VARIABLE = YES;
				IPHONEOS_DEPLOYMENT_TARGET = 16.2;
				MTL_ENABLE_DEBUG_INFO = INCLUDE_SOURCE;
				MTL_FAST_MATH = YES;
				ONLY_ACTIVE_ARCH = YES;
				SDKROOT = iphoneos;
				SWIFT_ACTIVE_COMPILATION_CONDITIONS = DEBUG;
				SWIFT_OPTIMIZATION_LEVEL = "-Onone";
			};
			name = Debug;
		};
		4AC771002A1566B600CD7B6E /* Release */ = {
			isa = XCBuildConfiguration;
			buildSettings = {
				ALWAYS_SEARCH_USER_PATHS = NO;
				CLANG_ANALYZER_NONNULL = YES;
				CLANG_ANALYZER_NUMBER_OBJECT_CONVERSION = YES_AGGRESSIVE;
				CLANG_CXX_LANGUAGE_STANDARD = "gnu++20";
				CLANG_ENABLE_MODULES = YES;
				CLANG_ENABLE_OBJC_ARC = YES;
				CLANG_ENABLE_OBJC_WEAK = YES;
				CLANG_WARN_BLOCK_CAPTURE_AUTORELEASING = YES;
				CLANG_WARN_BOOL_CONVERSION = YES;
				CLANG_WARN_COMMA = YES;
				CLANG_WARN_CONSTANT_CONVERSION = YES;
				CLANG_WARN_DEPRECATED_OBJC_IMPLEMENTATIONS = YES;
				CLANG_WARN_DIRECT_OBJC_ISA_USAGE = YES_ERROR;
				CLANG_WARN_DOCUMENTATION_COMMENTS = YES;
				CLANG_WARN_EMPTY_BODY = YES;
				CLANG_WARN_ENUM_CONVERSION = YES;
				CLANG_WARN_INFINITE_RECURSION = YES;
				CLANG_WARN_INT_CONVERSION = YES;
				CLANG_WARN_NON_LITERAL_NULL_CONVERSION = YES;
				CLANG_WARN_OBJC_IMPLICIT_RETAIN_SELF = YES;
				CLANG_WARN_OBJC_LITERAL_CONVERSION = YES;
				CLANG_WARN_OBJC_ROOT_CLASS = YES_ERROR;
				CLANG_WARN_QUOTED_INCLUDE_IN_FRAMEWORK_HEADER = YES;
				CLANG_WARN_RANGE_LOOP_ANALYSIS = YES;
				CLANG_WARN_STRICT_PROTOTYPES = YES;
				CLANG_WARN_SUSPICIOUS_MOVE = YES;
				CLANG_WARN_UNGUARDED_AVAILABILITY = YES_AGGRESSIVE;
				CLANG_WARN_UNREACHABLE_CODE = YES;
				CLANG_WARN__DUPLICATE_METHOD_MATCH = YES;
				COPY_PHASE_STRIP = NO;
				DEBUG_INFORMATION_FORMAT = "dwarf-with-dsym";
				ENABLE_NS_ASSERTIONS = NO;
				ENABLE_STRICT_OBJC_MSGSEND = YES;
				GCC_C_LANGUAGE_STANDARD = gnu11;
				GCC_NO_COMMON_BLOCKS = YES;
				GCC_WARN_64_TO_32_BIT_CONVERSION = YES;
				GCC_WARN_ABOUT_RETURN_TYPE = YES_ERROR;
				GCC_WARN_UNDECLARED_SELECTOR = YES;
				GCC_WARN_UNINITIALIZED_AUTOS = YES_AGGRESSIVE;
				GCC_WARN_UNUSED_FUNCTION = YES;
				GCC_WARN_UNUSED_VARIABLE = YES;
				IPHONEOS_DEPLOYMENT_TARGET = 16.2;
				MTL_ENABLE_DEBUG_INFO = NO;
				MTL_FAST_MATH = YES;
				SDKROOT = iphoneos;
				SWIFT_COMPILATION_MODE = wholemodule;
				SWIFT_OPTIMIZATION_LEVEL = "-O";
				VALIDATE_PRODUCT = YES;
			};
			name = Release;
		};
		4AC771022A1566B600CD7B6E /* Debug */ = {
			isa = XCBuildConfiguration;
			buildSettings = {
				ASSETCATALOG_COMPILER_APPICON_NAME = AppIcon;
				ASSETCATALOG_COMPILER_GLOBAL_ACCENT_COLOR_NAME = AccentColor;
				CODE_SIGN_STYLE = Automatic;
				CURRENT_PROJECT_VERSION = 1;
				DEVELOPMENT_ASSET_PATHS = "\"TrelloWidget/Preview Content\"";
				ENABLE_PREVIEWS = YES;
				GENERATE_INFOPLIST_FILE = YES;
				INFOPLIST_KEY_UIApplicationSceneManifest_Generation = YES;
				INFOPLIST_KEY_UIApplicationSupportsIndirectInputEvents = YES;
				INFOPLIST_KEY_UILaunchScreen_Generation = YES;
				INFOPLIST_KEY_UISupportedInterfaceOrientations_iPad = "UIInterfaceOrientationPortrait UIInterfaceOrientationPortraitUpsideDown UIInterfaceOrientationLandscapeLeft UIInterfaceOrientationLandscapeRight";
				INFOPLIST_KEY_UISupportedInterfaceOrientations_iPhone = "UIInterfaceOrientationPortrait UIInterfaceOrientationLandscapeLeft UIInterfaceOrientationLandscapeRight";
				LD_RUNPATH_SEARCH_PATHS = (
					"$(inherited)",
					"@executable_path/Frameworks",
				);
				MARKETING_VERSION = 1.0;
				PRODUCT_BUNDLE_IDENTIFIER = Peyton.TrelloWidget;
				PRODUCT_NAME = "$(TARGET_NAME)";
				SWIFT_EMIT_LOC_STRINGS = YES;
				SWIFT_VERSION = 5.0;
				TARGETED_DEVICE_FAMILY = "1,2";
			};
			name = Debug;
		};
		4AC771032A1566B600CD7B6E /* Release */ = {
			isa = XCBuildConfiguration;
			buildSettings = {
				ASSETCATALOG_COMPILER_APPICON_NAME = AppIcon;
				ASSETCATALOG_COMPILER_GLOBAL_ACCENT_COLOR_NAME = AccentColor;
				CODE_SIGN_STYLE = Automatic;
				CURRENT_PROJECT_VERSION = 1;
				DEVELOPMENT_ASSET_PATHS = "\"TrelloWidget/Preview Content\"";
				ENABLE_PREVIEWS = YES;
				GENERATE_INFOPLIST_FILE = YES;
				INFOPLIST_KEY_UIApplicationSceneManifest_Generation = YES;
				INFOPLIST_KEY_UIApplicationSupportsIndirectInputEvents = YES;
				INFOPLIST_KEY_UILaunchScreen_Generation = YES;
				INFOPLIST_KEY_UISupportedInterfaceOrientations_iPad = "UIInterfaceOrientationPortrait UIInterfaceOrientationPortraitUpsideDown UIInterfaceOrientationLandscapeLeft UIInterfaceOrientationLandscapeRight";
				INFOPLIST_KEY_UISupportedInterfaceOrientations_iPhone = "UIInterfaceOrientationPortrait UIInterfaceOrientationLandscapeLeft UIInterfaceOrientationLandscapeRight";
				LD_RUNPATH_SEARCH_PATHS = (
					"$(inherited)",
					"@executable_path/Frameworks",
				);
				MARKETING_VERSION = 1.0;
				PRODUCT_BUNDLE_IDENTIFIER = Peyton.TrelloWidget;
				PRODUCT_NAME = "$(TARGET_NAME)";
				SWIFT_EMIT_LOC_STRINGS = YES;
				SWIFT_VERSION = 5.0;
				TARGETED_DEVICE_FAMILY = "1,2";
			};
			name = Release;
		};
		4AC771052A1566B600CD7B6E /* Debug */ = {
			isa = XCBuildConfiguration;
			buildSettings = {
				ALWAYS_EMBED_SWIFT_STANDARD_LIBRARIES = YES;
				BUNDLE_LOADER = "$(TEST_HOST)";
				CODE_SIGN_STYLE = Automatic;
				CURRENT_PROJECT_VERSION = 1;
				GENERATE_INFOPLIST_FILE = YES;
				IPHONEOS_DEPLOYMENT_TARGET = 16.2;
				MARKETING_VERSION = 1.0;
				PRODUCT_BUNDLE_IDENTIFIER = Peyton.TrelloWidgetTests;
				PRODUCT_NAME = "$(TARGET_NAME)";
				SWIFT_EMIT_LOC_STRINGS = NO;
				SWIFT_VERSION = 5.0;
				TARGETED_DEVICE_FAMILY = "1,2";
				TEST_HOST = "$(BUILT_PRODUCTS_DIR)/TrelloWidget.app/$(BUNDLE_EXECUTABLE_FOLDER_PATH)/TrelloWidget";
			};
			name = Debug;
		};
		4AC771062A1566B600CD7B6E /* Release */ = {
			isa = XCBuildConfiguration;
			buildSettings = {
				ALWAYS_EMBED_SWIFT_STANDARD_LIBRARIES = YES;
				BUNDLE_LOADER = "$(TEST_HOST)";
				CODE_SIGN_STYLE = Automatic;
				CURRENT_PROJECT_VERSION = 1;
				GENERATE_INFOPLIST_FILE = YES;
				IPHONEOS_DEPLOYMENT_TARGET = 16.2;
				MARKETING_VERSION = 1.0;
				PRODUCT_BUNDLE_IDENTIFIER = Peyton.TrelloWidgetTests;
				PRODUCT_NAME = "$(TARGET_NAME)";
				SWIFT_EMIT_LOC_STRINGS = NO;
				SWIFT_VERSION = 5.0;
				TARGETED_DEVICE_FAMILY = "1,2";
				TEST_HOST = "$(BUILT_PRODUCTS_DIR)/TrelloWidget.app/$(BUNDLE_EXECUTABLE_FOLDER_PATH)/TrelloWidget";
			};
			name = Release;
		};
		4AC771082A1566B600CD7B6E /* Debug */ = {
			isa = XCBuildConfiguration;
			buildSettings = {
				ALWAYS_EMBED_SWIFT_STANDARD_LIBRARIES = YES;
				CODE_SIGN_STYLE = Automatic;
				CURRENT_PROJECT_VERSION = 1;
				GENERATE_INFOPLIST_FILE = YES;
				MARKETING_VERSION = 1.0;
				PRODUCT_BUNDLE_IDENTIFIER = Peyton.TrelloWidgetUITests;
				PRODUCT_NAME = "$(TARGET_NAME)";
				SWIFT_EMIT_LOC_STRINGS = NO;
				SWIFT_VERSION = 5.0;
				TARGETED_DEVICE_FAMILY = "1,2";
				TEST_TARGET_NAME = TrelloWidget;
			};
			name = Debug;
		};
		4AC771092A1566B600CD7B6E /* Release */ = {
			isa = XCBuildConfiguration;
			buildSettings = {
				ALWAYS_EMBED_SWIFT_STANDARD_LIBRARIES = YES;
				CODE_SIGN_STYLE = Automatic;
				CURRENT_PROJECT_VERSION = 1;
				GENERATE_INFOPLIST_FILE = YES;
				MARKETING_VERSION = 1.0;
				PRODUCT_BUNDLE_IDENTIFIER = Peyton.TrelloWidgetUITests;
				PRODUCT_NAME = "$(TARGET_NAME)";
				SWIFT_EMIT_LOC_STRINGS = NO;
				SWIFT_VERSION = 5.0;
				TARGETED_DEVICE_FAMILY = "1,2";
				TEST_TARGET_NAME = TrelloWidget;
			};
			name = Release;
		};
/* End XCBuildConfiguration section */

/* Begin XCConfigurationList section */
		4AC770D82A1566B400CD7B6E /* Build configuration list for PBXProject "TrelloWidget" */ = {
			isa = XCConfigurationList;
			buildConfigurations = (
				4AC770FF2A1566B600CD7B6E /* Debug */,
				4AC771002A1566B600CD7B6E /* Release */,
			);
			defaultConfigurationIsVisible = 0;
			defaultConfigurationName = Release;
		};
		4AC771012A1566B600CD7B6E /* Build configuration list for PBXNativeTarget "TrelloWidget" */ = {
			isa = XCConfigurationList;
			buildConfigurations = (
				4AC771022A1566B600CD7B6E /* Debug */,
				4AC771032A1566B600CD7B6E /* Release */,
			);
			defaultConfigurationIsVisible = 0;
			defaultConfigurationName = Release;
		};
		4AC771042A1566B600CD7B6E /* Build configuration list for PBXNativeTarget "TrelloWidgetTests" */ = {
			isa = XCConfigurationList;
			buildConfigurations = (
				4AC771052A1566B600CD7B6E /* Debug */,
				4AC771062A1566B600CD7B6E /* Release */,
			);
			defaultConfigurationIsVisible = 0;
			defaultConfigurationName = Release;
		};
		4AC771072A1566B600CD7B6E /* Build configuration list for PBXNativeTarget "TrelloWidgetUITests" */ = {
			isa = XCConfigurationList;
			buildConfigurations = (
				4AC771082A1566B600CD7B6E /* Debug */,
				4AC771092A1566B600CD7B6E /* Release */,
			);
			defaultConfigurationIsVisible = 0;
			defaultConfigurationName = Release;
		};
/* End XCConfigurationList section */
	};
	rootObject = 4AC770D52A1566B400CD7B6E /* Project object */;
}
